// !$*UTF8*$!
{
	archiveVersion = 1;
	classes = {
	};
	objectVersion = 46;
	objects = {

/* Begin PBXBuildFile section */
		3441E94C1B3D014D00E0A016 /* main.m in Sources */ = {isa = PBXBuildFile; fileRef = 3441E94B1B3D014D00E0A016 /* main.m */; };
		3441E94F1B3D014D00E0A016 /* AppDelegate.m in Sources */ = {isa = PBXBuildFile; fileRef = 3441E94E1B3D014D00E0A016 /* AppDelegate.m */; };
		3441E9511B3D014D00E0A016 /* Images.xcassets in Resources */ = {isa = PBXBuildFile; fileRef = 3441E9501B3D014D00E0A016 /* Images.xcassets */; };
		3441E9541B3D014D00E0A016 /* LaunchScreen.xib in Resources */ = {isa = PBXBuildFile; fileRef = 3441E9521B3D014D00E0A016 /* LaunchScreen.xib */; };
		3441E9601B3D014D00E0A016 /* LianMengTests.m in Sources */ = {isa = PBXBuildFile; fileRef = 3441E95F1B3D014D00E0A016 /* LianMengTests.m */; };
		3441E9701B3D024C00E0A016 /* MessageViewController.m in Sources */ = {isa = PBXBuildFile; fileRef = 3441E96F1B3D024C00E0A016 /* MessageViewController.m */; };
		3441E9741B3D027000E0A016 /* HearViewController.m in Sources */ = {isa = PBXBuildFile; fileRef = 3441E9731B3D027000E0A016 /* HearViewController.m */; };
		3441E9771B3D028200E0A016 /* StrategyViewController.m in Sources */ = {isa = PBXBuildFile; fileRef = 3441E9761B3D028200E0A016 /* StrategyViewController.m */; };
		3441E97A1B3D028F00E0A016 /* SetViewController.m in Sources */ = {isa = PBXBuildFile; fileRef = 3441E9791B3D028F00E0A016 /* SetViewController.m */; };
		3441E97F1B3D2C9000E0A016 /* MessageView.m in Sources */ = {isa = PBXBuildFile; fileRef = 3441E97E1B3D2C9000E0A016 /* MessageView.m */; };
		3441E9871B3D2E8D00E0A016 /* Competition.m in Sources */ = {isa = PBXBuildFile; fileRef = 3441E9861B3D2E8D00E0A016 /* Competition.m */; };
		3441E98A1B3D2EAB00E0A016 /* Video.m in Sources */ = {isa = PBXBuildFile; fileRef = 3441E9891B3D2EAB00E0A016 /* Video.m */; };
		3441E98D1B3D2F0F00E0A016 /* Recreation.m in Sources */ = {isa = PBXBuildFile; fileRef = 3441E98C1B3D2F0F00E0A016 /* Recreation.m */; };
		3441E9991B3D4A0400E0A016 /* EGOCache.m in Sources */ = {isa = PBXBuildFile; fileRef = 3441E9901B3D4A0400E0A016 /* EGOCache.m */; };
		3441E99A1B3D4A0400E0A016 /* EGOImageButton.m in Sources */ = {isa = PBXBuildFile; fileRef = 3441E9921B3D4A0400E0A016 /* EGOImageButton.m */; };
		3441E99B1B3D4A0400E0A016 /* EGOImageLoadConnection.m in Sources */ = {isa = PBXBuildFile; fileRef = 3441E9941B3D4A0400E0A016 /* EGOImageLoadConnection.m */; };
		3441E99C1B3D4A0400E0A016 /* EGOImageLoader.m in Sources */ = {isa = PBXBuildFile; fileRef = 3441E9961B3D4A0400E0A016 /* EGOImageLoader.m */; };
		3441E99D1B3D4A0400E0A016 /* EGOImageView.m in Sources */ = {isa = PBXBuildFile; fileRef = 3441E9981B3D4A0400E0A016 /* EGOImageView.m */; };
		3441E9A11B3D4C2100E0A016 /* ItemCell.m in Sources */ = {isa = PBXBuildFile; fileRef = 3441E9A01B3D4C2100E0A016 /* ItemCell.m */; };
		3441E9A81B3D50B900E0A016 /* NetworkEngine1.m in Sources */ = {isa = PBXBuildFile; fileRef = 3441E9A71B3D50B900E0A016 /* NetworkEngine1.m */; };
		3441E9AB1B3D6F5900E0A016 /* ItemModel.m in Sources */ = {isa = PBXBuildFile; fileRef = 3441E9AA1B3D6F5900E0A016 /* ItemModel.m */; };
		34C14BFD1B3ECE450099A3CB /* NSData+SDDataCache.m in Sources */ = {isa = PBXBuildFile; fileRef = 34C14BED1B3ECE450099A3CB /* NSData+SDDataCache.m */; };
		34C14BFE1B3ECE450099A3CB /* TAAbstractDotView.m in Sources */ = {isa = PBXBuildFile; fileRef = 34C14BF01B3ECE450099A3CB /* TAAbstractDotView.m */; };
		34C14BFF1B3ECE450099A3CB /* TAAnimatedDotView.m in Sources */ = {isa = PBXBuildFile; fileRef = 34C14BF21B3ECE450099A3CB /* TAAnimatedDotView.m */; };
		34C14C001B3ECE450099A3CB /* TADotView.m in Sources */ = {isa = PBXBuildFile; fileRef = 34C14BF41B3ECE450099A3CB /* TADotView.m */; };
		34C14C011B3ECE450099A3CB /* TAPageControl.m in Sources */ = {isa = PBXBuildFile; fileRef = 34C14BF61B3ECE450099A3CB /* TAPageControl.m */; };
		34C14C021B3ECE450099A3CB /* SDCollectionViewCell.m in Sources */ = {isa = PBXBuildFile; fileRef = 34C14BF81B3ECE450099A3CB /* SDCollectionViewCell.m */; settings = {COMPILER_FLAGS = "-fobjc-arc"; }; };
		34C14C031B3ECE450099A3CB /* SDCycleScrollView.m in Sources */ = {isa = PBXBuildFile; fileRef = 34C14BFA1B3ECE450099A3CB /* SDCycleScrollView.m */; settings = {COMPILER_FLAGS = "-fobjc-arc"; }; };
		34C14C041B3ECE450099A3CB /* UIView+SDExtension.m in Sources */ = {isa = PBXBuildFile; fileRef = 34C14BFC1B3ECE450099A3CB /* UIView+SDExtension.m */; };
/* End PBXBuildFile section */

/* Begin PBXContainerItemProxy section */
		3441E95A1B3D014D00E0A016 /* PBXContainerItemProxy */ = {
			isa = PBXContainerItemProxy;
			containerPortal = 3441E93E1B3D014D00E0A016 /* Project object */;
			proxyType = 1;
			remoteGlobalIDString = 3441E9451B3D014D00E0A016;
			remoteInfo = LianMeng;
		};
/* End PBXContainerItemProxy section */

/* Begin PBXFileReference section */
		3441E9461B3D014D00E0A016 /* LianMeng.app */ = {isa = PBXFileReference; explicitFileType = wrapper.application; includeInIndex = 0; path = LianMeng.app; sourceTree = BUILT_PRODUCTS_DIR; };
		3441E94A1B3D014D00E0A016 /* Info.plist */ = {isa = PBXFileReference; lastKnownFileType = text.plist.xml; path = Info.plist; sourceTree = "<group>"; };
		3441E94B1B3D014D00E0A016 /* main.m */ = {isa = PBXFileReference; lastKnownFileType = sourcecode.c.objc; path = main.m; sourceTree = "<group>"; };
		3441E94D1B3D014D00E0A016 /* AppDelegate.h */ = {isa = PBXFileReference; lastKnownFileType = sourcecode.c.h; path = AppDelegate.h; sourceTree = "<group>"; };
		3441E94E1B3D014D00E0A016 /* AppDelegate.m */ = {isa = PBXFileReference; lastKnownFileType = sourcecode.c.objc; path = AppDelegate.m; sourceTree = "<group>"; };
		3441E9501B3D014D00E0A016 /* Images.xcassets */ = {isa = PBXFileReference; lastKnownFileType = folder.assetcatalog; path = Images.xcassets; sourceTree = "<group>"; };
		3441E9531B3D014D00E0A016 /* Base */ = {isa = PBXFileReference; lastKnownFileType = file.xib; name = Base; path = Base.lproj/LaunchScreen.xib; sourceTree = "<group>"; };
		3441E9591B3D014D00E0A016 /* LianMengTests.xctest */ = {isa = PBXFileReference; explicitFileType = wrapper.cfbundle; includeInIndex = 0; path = LianMengTests.xctest; sourceTree = BUILT_PRODUCTS_DIR; };
		3441E95E1B3D014D00E0A016 /* Info.plist */ = {isa = PBXFileReference; lastKnownFileType = text.plist.xml; path = Info.plist; sourceTree = "<group>"; };
		3441E95F1B3D014D00E0A016 /* LianMengTests.m */ = {isa = PBXFileReference; lastKnownFileType = sourcecode.c.objc; path = LianMengTests.m; sourceTree = "<group>"; };
		3441E96E1B3D024C00E0A016 /* MessageViewController.h */ = {isa = PBXFileReference; fileEncoding = 4; lastKnownFileType = sourcecode.c.h; path = MessageViewController.h; sourceTree = "<group>"; };
		3441E96F1B3D024C00E0A016 /* MessageViewController.m */ = {isa = PBXFileReference; fileEncoding = 4; lastKnownFileType = sourcecode.c.objc; path = MessageViewController.m; sourceTree = "<group>"; };
		3441E9721B3D027000E0A016 /* HearViewController.h */ = {isa = PBXFileReference; fileEncoding = 4; lastKnownFileType = sourcecode.c.h; path = HearViewController.h; sourceTree = "<group>"; };
		3441E9731B3D027000E0A016 /* HearViewController.m */ = {isa = PBXFileReference; fileEncoding = 4; lastKnownFileType = sourcecode.c.objc; path = HearViewController.m; sourceTree = "<group>"; };
		3441E9751B3D028200E0A016 /* StrategyViewController.h */ = {isa = PBXFileReference; fileEncoding = 4; lastKnownFileType = sourcecode.c.h; path = StrategyViewController.h; sourceTree = "<group>"; };
		3441E9761B3D028200E0A016 /* StrategyViewController.m */ = {isa = PBXFileReference; fileEncoding = 4; lastKnownFileType = sourcecode.c.objc; path = StrategyViewController.m; sourceTree = "<group>"; };
		3441E9781B3D028E00E0A016 /* SetViewController.h */ = {isa = PBXFileReference; fileEncoding = 4; lastKnownFileType = sourcecode.c.h; path = SetViewController.h; sourceTree = "<group>"; };
		3441E9791B3D028F00E0A016 /* SetViewController.m */ = {isa = PBXFileReference; fileEncoding = 4; lastKnownFileType = sourcecode.c.objc; path = SetViewController.m; sourceTree = "<group>"; };
		3441E97D1B3D2C9000E0A016 /* MessageView.h */ = {isa = PBXFileReference; fileEncoding = 4; lastKnownFileType = sourcecode.c.h; path = MessageView.h; sourceTree = "<group>"; };
		3441E97E1B3D2C9000E0A016 /* MessageView.m */ = {isa = PBXFileReference; fileEncoding = 4; lastKnownFileType = sourcecode.c.objc; path = MessageView.m; sourceTree = "<group>"; };
		3441E9851B3D2E8C00E0A016 /* Competition.h */ = {isa = PBXFileReference; fileEncoding = 4; lastKnownFileType = sourcecode.c.h; path = Competition.h; sourceTree = "<group>"; };
		3441E9861B3D2E8D00E0A016 /* Competition.m */ = {isa = PBXFileReference; fileEncoding = 4; lastKnownFileType = sourcecode.c.objc; path = Competition.m; sourceTree = "<group>"; };
		3441E9881B3D2EAB00E0A016 /* Video.h */ = {isa = PBXFileReference; fileEncoding = 4; lastKnownFileType = sourcecode.c.h; path = Video.h; sourceTree = "<group>"; };
		3441E9891B3D2EAB00E0A016 /* Video.m */ = {isa = PBXFileReference; fileEncoding = 4; lastKnownFileType = sourcecode.c.objc; path = Video.m; sourceTree = "<group>"; };
		3441E98B1B3D2F0F00E0A016 /* Recreation.h */ = {isa = PBXFileReference; fileEncoding = 4; lastKnownFileType = sourcecode.c.h; path = Recreation.h; sourceTree = "<group>"; };
		3441E98C1B3D2F0F00E0A016 /* Recreation.m */ = {isa = PBXFileReference; fileEncoding = 4; lastKnownFileType = sourcecode.c.objc; path = Recreation.m; sourceTree = "<group>"; };
		3441E98F1B3D4A0400E0A016 /* EGOCache.h */ = {isa = PBXFileReference; fileEncoding = 4; lastKnownFileType = sourcecode.c.h; path = EGOCache.h; sourceTree = "<group>"; };
		3441E9901B3D4A0400E0A016 /* EGOCache.m */ = {isa = PBXFileReference; fileEncoding = 4; lastKnownFileType = sourcecode.c.objc; path = EGOCache.m; sourceTree = "<group>"; };
		3441E9911B3D4A0400E0A016 /* EGOImageButton.h */ = {isa = PBXFileReference; fileEncoding = 4; lastKnownFileType = sourcecode.c.h; path = EGOImageButton.h; sourceTree = "<group>"; };
		3441E9921B3D4A0400E0A016 /* EGOImageButton.m */ = {isa = PBXFileReference; fileEncoding = 4; lastKnownFileType = sourcecode.c.objc; path = EGOImageButton.m; sourceTree = "<group>"; };
		3441E9931B3D4A0400E0A016 /* EGOImageLoadConnection.h */ = {isa = PBXFileReference; fileEncoding = 4; lastKnownFileType = sourcecode.c.h; path = EGOImageLoadConnection.h; sourceTree = "<group>"; };
		3441E9941B3D4A0400E0A016 /* EGOImageLoadConnection.m */ = {isa = PBXFileReference; fileEncoding = 4; lastKnownFileType = sourcecode.c.objc; path = EGOImageLoadConnection.m; sourceTree = "<group>"; };
		3441E9951B3D4A0400E0A016 /* EGOImageLoader.h */ = {isa = PBXFileReference; fileEncoding = 4; lastKnownFileType = sourcecode.c.h; path = EGOImageLoader.h; sourceTree = "<group>"; };
		3441E9961B3D4A0400E0A016 /* EGOImageLoader.m */ = {isa = PBXFileReference; fileEncoding = 4; lastKnownFileType = sourcecode.c.objc; path = EGOImageLoader.m; sourceTree = "<group>"; };
		3441E9971B3D4A0400E0A016 /* EGOImageView.h */ = {isa = PBXFileReference; fileEncoding = 4; lastKnownFileType = sourcecode.c.h; path = EGOImageView.h; sourceTree = "<group>"; };
		3441E9981B3D4A0400E0A016 /* EGOImageView.m */ = {isa = PBXFileReference; fileEncoding = 4; lastKnownFileType = sourcecode.c.objc; path = EGOImageView.m; sourceTree = "<group>"; };
		3441E99F1B3D4C2100E0A016 /* ItemCell.h */ = {isa = PBXFileReference; fileEncoding = 4; lastKnownFileType = sourcecode.c.h; path = ItemCell.h; sourceTree = "<group>"; };
		3441E9A01B3D4C2100E0A016 /* ItemCell.m */ = {isa = PBXFileReference; fileEncoding = 4; lastKnownFileType = sourcecode.c.objc; path = ItemCell.m; sourceTree = "<group>"; };
		3441E9A21B3D4D0900E0A016 /* PrefixHeader.pch */ = {isa = PBXFileReference; lastKnownFileType = sourcecode.c.h; path = PrefixHeader.pch; sourceTree = "<group>"; };
		3441E9A61B3D50B900E0A016 /* NetworkEngine1.h */ = {isa = PBXFileReference; fileEncoding = 4; lastKnownFileType = sourcecode.c.h; path = NetworkEngine1.h; sourceTree = "<group>"; };
		3441E9A71B3D50B900E0A016 /* NetworkEngine1.m */ = {isa = PBXFileReference; fileEncoding = 4; lastKnownFileType = sourcecode.c.objc; path = NetworkEngine1.m; sourceTree = "<group>"; };
		3441E9A91B3D6F5900E0A016 /* ItemModel.h */ = {isa = PBXFileReference; fileEncoding = 4; lastKnownFileType = sourcecode.c.h; path = ItemModel.h; sourceTree = "<group>"; };
		3441E9AA1B3D6F5900E0A016 /* ItemModel.m */ = {isa = PBXFileReference; fileEncoding = 4; lastKnownFileType = sourcecode.c.objc; path = ItemModel.m; sourceTree = "<group>"; };
		34C14BEC1B3ECE450099A3CB /* NSData+SDDataCache.h */ = {isa = PBXFileReference; fileEncoding = 4; lastKnownFileType = sourcecode.c.h; path = "NSData+SDDataCache.h"; sourceTree = "<group>"; };
		34C14BED1B3ECE450099A3CB /* NSData+SDDataCache.m */ = {isa = PBXFileReference; fileEncoding = 4; lastKnownFileType = sourcecode.c.objc; path = "NSData+SDDataCache.m"; sourceTree = "<group>"; };
		34C14BEF1B3ECE450099A3CB /* TAAbstractDotView.h */ = {isa = PBXFileReference; fileEncoding = 4; lastKnownFileType = sourcecode.c.h; path = TAAbstractDotView.h; sourceTree = "<group>"; };
		34C14BF01B3ECE450099A3CB /* TAAbstractDotView.m */ = {isa = PBXFileReference; fileEncoding = 4; lastKnownFileType = sourcecode.c.objc; path = TAAbstractDotView.m; sourceTree = "<group>"; };
		34C14BF11B3ECE450099A3CB /* TAAnimatedDotView.h */ = {isa = PBXFileReference; fileEncoding = 4; lastKnownFileType = sourcecode.c.h; path = TAAnimatedDotView.h; sourceTree = "<group>"; };
		34C14BF21B3ECE450099A3CB /* TAAnimatedDotView.m */ = {isa = PBXFileReference; fileEncoding = 4; lastKnownFileType = sourcecode.c.objc; path = TAAnimatedDotView.m; sourceTree = "<group>"; };
		34C14BF31B3ECE450099A3CB /* TADotView.h */ = {isa = PBXFileReference; fileEncoding = 4; lastKnownFileType = sourcecode.c.h; path = TADotView.h; sourceTree = "<group>"; };
		34C14BF41B3ECE450099A3CB /* TADotView.m */ = {isa = PBXFileReference; fileEncoding = 4; lastKnownFileType = sourcecode.c.objc; path = TADotView.m; sourceTree = "<group>"; };
		34C14BF51B3ECE450099A3CB /* TAPageControl.h */ = {isa = PBXFileReference; fileEncoding = 4; lastKnownFileType = sourcecode.c.h; path = TAPageControl.h; sourceTree = "<group>"; };
		34C14BF61B3ECE450099A3CB /* TAPageControl.m */ = {isa = PBXFileReference; fileEncoding = 4; lastKnownFileType = sourcecode.c.objc; path = TAPageControl.m; sourceTree = "<group>"; };
		34C14BF71B3ECE450099A3CB /* SDCollectionViewCell.h */ = {isa = PBXFileReference; fileEncoding = 4; lastKnownFileType = sourcecode.c.h; path = SDCollectionViewCell.h; sourceTree = "<group>"; };
		34C14BF81B3ECE450099A3CB /* SDCollectionViewCell.m */ = {isa = PBXFileReference; fileEncoding = 4; lastKnownFileType = sourcecode.c.objc; path = SDCollectionViewCell.m; sourceTree = "<group>"; };
		34C14BF91B3ECE450099A3CB /* SDCycleScrollView.h */ = {isa = PBXFileReference; fileEncoding = 4; lastKnownFileType = sourcecode.c.h; path = SDCycleScrollView.h; sourceTree = "<group>"; };
		34C14BFA1B3ECE450099A3CB /* SDCycleScrollView.m */ = {isa = PBXFileReference; fileEncoding = 4; lastKnownFileType = sourcecode.c.objc; path = SDCycleScrollView.m; sourceTree = "<group>"; };
		34C14BFB1B3ECE450099A3CB /* UIView+SDExtension.h */ = {isa = PBXFileReference; fileEncoding = 4; lastKnownFileType = sourcecode.c.h; path = "UIView+SDExtension.h"; sourceTree = "<group>"; };
		34C14BFC1B3ECE450099A3CB /* UIView+SDExtension.m */ = {isa = PBXFileReference; fileEncoding = 4; lastKnownFileType = sourcecode.c.objc; path = "UIView+SDExtension.m"; sourceTree = "<group>"; };
/* End PBXFileReference section */

/* Begin PBXFrameworksBuildPhase section */
		3441E9431B3D014D00E0A016 /* Frameworks */ = {
			isa = PBXFrameworksBuildPhase;
			buildActionMask = 2147483647;
			files = (
			);
			runOnlyForDeploymentPostprocessing = 0;
		};
		3441E9561B3D014D00E0A016 /* Frameworks */ = {
			isa = PBXFrameworksBuildPhase;
			buildActionMask = 2147483647;
			files = (
			);
			runOnlyForDeploymentPostprocessing = 0;
		};
/* End PBXFrameworksBuildPhase section */

/* Begin PBXGroup section */
		3441E93D1B3D014D00E0A016 = {
			isa = PBXGroup;
			children = (
				3441E9481B3D014D00E0A016 /* LianMeng */,
				3441E95C1B3D014D00E0A016 /* LianMengTests */,
				3441E9471B3D014D00E0A016 /* Products */,
			);
			sourceTree = "<group>";
		};
		3441E9471B3D014D00E0A016 /* Products */ = {
			isa = PBXGroup;
			children = (
				3441E9461B3D014D00E0A016 /* LianMeng.app */,
				3441E9591B3D014D00E0A016 /* LianMengTests.xctest */,
			);
			name = Products;
			sourceTree = "<group>";
		};
		3441E9481B3D014D00E0A016 /* LianMeng */ = {
			isa = PBXGroup;
			children = (
				3441E9A21B3D4D0900E0A016 /* PrefixHeader.pch */,
				3441E9691B3D016100E0A016 /* AppDeleGata */,
				3441E96D1B3D01FB00E0A016 /* Controller */,
				3441E97C1B3D02A200E0A016 /* General */,
				3441E9501B3D014D00E0A016 /* Images.xcassets */,
				3441E9521B3D014D00E0A016 /* LaunchScreen.xib */,
				3441E9491B3D014D00E0A016 /* Supporting Files */,
			);
			path = LianMeng;
			sourceTree = "<group>";
		};
		3441E9491B3D014D00E0A016 /* Supporting Files */ = {
			isa = PBXGroup;
			children = (
				3441E94A1B3D014D00E0A016 /* Info.plist */,
				3441E94B1B3D014D00E0A016 /* main.m */,
			);
			name = "Supporting Files";
			sourceTree = "<group>";
		};
		3441E95C1B3D014D00E0A016 /* LianMengTests */ = {
			isa = PBXGroup;
			children = (
				3441E95F1B3D014D00E0A016 /* LianMengTests.m */,
				3441E95D1B3D014D00E0A016 /* Supporting Files */,
			);
			path = LianMengTests;
			sourceTree = "<group>";
		};
		3441E95D1B3D014D00E0A016 /* Supporting Files */ = {
			isa = PBXGroup;
			children = (
				3441E95E1B3D014D00E0A016 /* Info.plist */,
			);
			name = "Supporting Files";
			sourceTree = "<group>";
		};
		3441E9691B3D016100E0A016 /* AppDeleGata */ = {
			isa = PBXGroup;
			children = (
				3441E94D1B3D014D00E0A016 /* AppDelegate.h */,
				3441E94E1B3D014D00E0A016 /* AppDelegate.m */,
			);
			name = AppDeleGata;
			sourceTree = "<group>";
		};
		3441E96D1B3D01FB00E0A016 /* Controller */ = {
			isa = PBXGroup;
			children = (
				3441E96E1B3D024C00E0A016 /* MessageViewController.h */,
				3441E96F1B3D024C00E0A016 /* MessageViewController.m */,
				3441E9711B3D025800E0A016 /* message */,
				3441E9721B3D027000E0A016 /* HearViewController.h */,
				3441E9731B3D027000E0A016 /* HearViewController.m */,
				3441E97B1B3D029800E0A016 /* Hear */,
				3441E9751B3D028200E0A016 /* StrategyViewController.h */,
				3441E9761B3D028200E0A016 /* StrategyViewController.m */,
				3441E9781B3D028E00E0A016 /* SetViewController.h */,
				3441E9791B3D028F00E0A016 /* SetViewController.m */,
			);
			name = Controller;
			sourceTree = "<group>";
		};
		3441E9711B3D025800E0A016 /* message */ = {
			isa = PBXGroup;
			children = (
				3441E99E1B3D4BE000E0A016 /* ItemCell */,
				3441E9811B3D2D4D00E0A016 /* View */,
			);
			name = message;
			sourceTree = "<group>";
		};
		3441E97B1B3D029800E0A016 /* Hear */ = {
			isa = PBXGroup;
			children = (
			);
			name = Hear;
			sourceTree = "<group>";
		};
		3441E97C1B3D02A200E0A016 /* General */ = {
			isa = PBXGroup;
			children = (
				34C14BEB1B3ECE450099A3CB /* SDCycleScrollView */,
				3441E98E1B3D4A0400E0A016 /* EGOImageView */,
			);
			name = General;
			sourceTree = "<group>";
		};
		3441E9811B3D2D4D00E0A016 /* View */ = {
			isa = PBXGroup;
			children = (
				3441E97D1B3D2C9000E0A016 /* MessageView.h */,
				3441E97E1B3D2C9000E0A016 /* MessageView.m */,
				3441E9851B3D2E8C00E0A016 /* Competition.h */,
				3441E9861B3D2E8D00E0A016 /* Competition.m */,
				3441E9881B3D2EAB00E0A016 /* Video.h */,
				3441E9891B3D2EAB00E0A016 /* Video.m */,
				3441E98B1B3D2F0F00E0A016 /* Recreation.h */,
				3441E98C1B3D2F0F00E0A016 /* Recreation.m */,
			);
			name = View;
			sourceTree = "<group>";
		};
		3441E98E1B3D4A0400E0A016 /* EGOImageView */ = {
			isa = PBXGroup;
			children = (
				3441E98F1B3D4A0400E0A016 /* EGOCache.h */,
				3441E9901B3D4A0400E0A016 /* EGOCache.m */,
				3441E9911B3D4A0400E0A016 /* EGOImageButton.h */,
				3441E9921B3D4A0400E0A016 /* EGOImageButton.m */,
				3441E9931B3D4A0400E0A016 /* EGOImageLoadConnection.h */,
				3441E9941B3D4A0400E0A016 /* EGOImageLoadConnection.m */,
				3441E9951B3D4A0400E0A016 /* EGOImageLoader.h */,
				3441E9961B3D4A0400E0A016 /* EGOImageLoader.m */,
				3441E9971B3D4A0400E0A016 /* EGOImageView.h */,
				3441E9981B3D4A0400E0A016 /* EGOImageView.m */,
			);
			path = EGOImageView;
			sourceTree = "<group>";
		};
		3441E99E1B3D4BE000E0A016 /* ItemCell */ = {
			isa = PBXGroup;
			children = (
				3441E99F1B3D4C2100E0A016 /* ItemCell.h */,
				3441E9A01B3D4C2100E0A016 /* ItemCell.m */,
				3441E9A91B3D6F5900E0A016 /* ItemModel.h */,
				3441E9AA1B3D6F5900E0A016 /* ItemModel.m */,
				3441E9A61B3D50B900E0A016 /* NetworkEngine1.h */,
				3441E9A71B3D50B900E0A016 /* NetworkEngine1.m */,
			);
			name = ItemCell;
			sourceTree = "<group>";
		};
		34C14BEB1B3ECE450099A3CB /* SDCycleScrollView */ = {
			isa = PBXGroup;
			children = (
				34C14BEC1B3ECE450099A3CB /* NSData+SDDataCache.h */,
				34C14BED1B3ECE450099A3CB /* NSData+SDDataCache.m */,
				34C14BEE1B3ECE450099A3CB /* PageControl */,
				34C14BF71B3ECE450099A3CB /* SDCollectionViewCell.h */,
				34C14BF81B3ECE450099A3CB /* SDCollectionViewCell.m */,
				34C14BF91B3ECE450099A3CB /* SDCycleScrollView.h */,
				34C14BFA1B3ECE450099A3CB /* SDCycleScrollView.m */,
				34C14BFB1B3ECE450099A3CB /* UIView+SDExtension.h */,
				34C14BFC1B3ECE450099A3CB /* UIView+SDExtension.m */,
			);
			name = SDCycleScrollView;
			path = EGOImageView/SDCycleScrollView;
			sourceTree = "<group>";
		};
		34C14BEE1B3ECE450099A3CB /* PageControl */ = {
			isa = PBXGroup;
			children = (
				34C14BEF1B3ECE450099A3CB /* TAAbstractDotView.h */,
				34C14BF01B3ECE450099A3CB /* TAAbstractDotView.m */,
				34C14BF11B3ECE450099A3CB /* TAAnimatedDotView.h */,
				34C14BF21B3ECE450099A3CB /* TAAnimatedDotView.m */,
				34C14BF31B3ECE450099A3CB /* TADotView.h */,
				34C14BF41B3ECE450099A3CB /* TADotView.m */,
				34C14BF51B3ECE450099A3CB /* TAPageControl.h */,
				34C14BF61B3ECE450099A3CB /* TAPageControl.m */,
			);
			path = PageControl;
			sourceTree = "<group>";
		};
/* End PBXGroup section */

/* Begin PBXNativeTarget section */
		3441E9451B3D014D00E0A016 /* LianMeng */ = {
			isa = PBXNativeTarget;
			buildConfigurationList = 3441E9631B3D014D00E0A016 /* Build configuration list for PBXNativeTarget "LianMeng" */;
			buildPhases = (
				3441E9421B3D014D00E0A016 /* Sources */,
				3441E9431B3D014D00E0A016 /* Frameworks */,
				3441E9441B3D014D00E0A016 /* Resources */,
			);
			buildRules = (
			);
			dependencies = (
			);
			name = LianMeng;
			productName = LianMeng;
			productReference = 3441E9461B3D014D00E0A016 /* LianMeng.app */;
			productType = "com.apple.product-type.application";
		};
		3441E9581B3D014D00E0A016 /* LianMengTests */ = {
			isa = PBXNativeTarget;
			buildConfigurationList = 3441E9661B3D014D00E0A016 /* Build configuration list for PBXNativeTarget "LianMengTests" */;
			buildPhases = (
				3441E9551B3D014D00E0A016 /* Sources */,
				3441E9561B3D014D00E0A016 /* Frameworks */,
				3441E9571B3D014D00E0A016 /* Resources */,
			);
			buildRules = (
			);
			dependencies = (
				3441E95B1B3D014D00E0A016 /* PBXTargetDependency */,
			);
			name = LianMengTests;
			productName = LianMengTests;
			productReference = 3441E9591B3D014D00E0A016 /* LianMengTests.xctest */;
			productType = "com.apple.product-type.bundle.unit-test";
		};
/* End PBXNativeTarget section */

/* Begin PBXProject section */
		3441E93E1B3D014D00E0A016 /* Project object */ = {
			isa = PBXProject;
			attributes = {
				LastUpgradeCheck = 0610;
				ORGANIZATIONNAME = "lanouhn3g - 23 .com";
				TargetAttributes = {
					3441E9451B3D014D00E0A016 = {
						CreatedOnToolsVersion = 6.1;
					};
					3441E9581B3D014D00E0A016 = {
						CreatedOnToolsVersion = 6.1;
						TestTargetID = 3441E9451B3D014D00E0A016;
					};
				};
			};
			buildConfigurationList = 3441E9411B3D014D00E0A016 /* Build configuration list for PBXProject "LianMeng" */;
			compatibilityVersion = "Xcode 3.2";
			developmentRegion = English;
			hasScannedForEncodings = 0;
			knownRegions = (
				en,
				Base,
			);
			mainGroup = 3441E93D1B3D014D00E0A016;
			productRefGroup = 3441E9471B3D014D00E0A016 /* Products */;
			projectDirPath = "";
			projectRoot = "";
			targets = (
				3441E9451B3D014D00E0A016 /* LianMeng */,
				3441E9581B3D014D00E0A016 /* LianMengTests */,
			);
		};
/* End PBXProject section */

/* Begin PBXResourcesBuildPhase section */
		3441E9441B3D014D00E0A016 /* Resources */ = {
			isa = PBXResourcesBuildPhase;
			buildActionMask = 2147483647;
			files = (
				3441E9541B3D014D00E0A016 /* LaunchScreen.xib in Resources */,
				3441E9511B3D014D00E0A016 /* Images.xcassets in Resources */,
			);
			runOnlyForDeploymentPostprocessing = 0;
		};
		3441E9571B3D014D00E0A016 /* Resources */ = {
			isa = PBXResourcesBuildPhase;
			buildActionMask = 2147483647;
			files = (
			);
			runOnlyForDeploymentPostprocessing = 0;
		};
/* End PBXResourcesBuildPhase section */

/* Begin PBXSourcesBuildPhase section */
		3441E9421B3D014D00E0A016 /* Sources */ = {
			isa = PBXSourcesBuildPhase;
			buildActionMask = 2147483647;
			files = (
				3441E9AB1B3D6F5900E0A016 /* ItemModel.m in Sources */,
				34C14BFE1B3ECE450099A3CB /* TAAbstractDotView.m in Sources */,
				3441E9771B3D028200E0A016 /* StrategyViewController.m in Sources */,
				3441E98D1B3D2F0F00E0A016 /* Recreation.m in Sources */,
				3441E9701B3D024C00E0A016 /* MessageViewController.m in Sources */,
				3441E99D1B3D4A0400E0A016 /* EGOImageView.m in Sources */,
				3441E9A11B3D4C2100E0A016 /* ItemCell.m in Sources */,
				34C14C041B3ECE450099A3CB /* UIView+SDExtension.m in Sources */,
				3441E94F1B3D014D00E0A016 /* AppDelegate.m in Sources */,
				34C14BFF1B3ECE450099A3CB /* TAAnimatedDotView.m in Sources */,
				34C14C031B3ECE450099A3CB /* SDCycleScrollView.m in Sources */,
				3441E99B1B3D4A0400E0A016 /* EGOImageLoadConnection.m in Sources */,
				3441E98A1B3D2EAB00E0A016 /* Video.m in Sources */,
				34C14C011B3ECE450099A3CB /* TAPageControl.m in Sources */,
				3441E9871B3D2E8D00E0A016 /* Competition.m in Sources */,
				3441E9741B3D027000E0A016 /* HearViewController.m in Sources */,
				3441E9A81B3D50B900E0A016 /* NetworkEngine1.m in Sources */,
				34C14BFD1B3ECE450099A3CB /* NSData+SDDataCache.m in Sources */,
				3441E99C1B3D4A0400E0A016 /* EGOImageLoader.m in Sources */,
				3441E97F1B3D2C9000E0A016 /* MessageView.m in Sources */,
				3441E9991B3D4A0400E0A016 /* EGOCache.m in Sources */,
				3441E99A1B3D4A0400E0A016 /* EGOImageButton.m in Sources */,
				34C14C001B3ECE450099A3CB /* TADotView.m in Sources */,
				3441E94C1B3D014D00E0A016 /* main.m in Sources */,
				3441E97A1B3D028F00E0A016 /* SetViewController.m in Sources */,
				34C14C021B3ECE450099A3CB /* SDCollectionViewCell.m in Sources */,
			);
			runOnlyForDeploymentPostprocessing = 0;
		};
		3441E9551B3D014D00E0A016 /* Sources */ = {
			isa = PBXSourcesBuildPhase;
			buildActionMask = 2147483647;
			files = (
				3441E9601B3D014D00E0A016 /* LianMengTests.m in Sources */,
			);
			runOnlyForDeploymentPostprocessing = 0;
		};
/* End PBXSourcesBuildPhase section */

/* Begin PBXTargetDependency section */
		3441E95B1B3D014D00E0A016 /* PBXTargetDependency */ = {
			isa = PBXTargetDependency;
			target = 3441E9451B3D014D00E0A016 /* LianMeng */;
			targetProxy = 3441E95A1B3D014D00E0A016 /* PBXContainerItemProxy */;
		};
/* End PBXTargetDependency section */

/* Begin PBXVariantGroup section */
		3441E9521B3D014D00E0A016 /* LaunchScreen.xib */ = {
			isa = PBXVariantGroup;
			children = (
				3441E9531B3D014D00E0A016 /* Base */,
			);
			name = LaunchScreen.xib;
			sourceTree = "<group>";
		};
/* End PBXVariantGroup section */

/* Begin XCBuildConfiguration section */
		3441E9611B3D014D00E0A016 /* Debug */ = {
			isa = XCBuildConfiguration;
			buildSettings = {
				ALWAYS_SEARCH_USER_PATHS = NO;
				CLANG_CXX_LANGUAGE_STANDARD = "gnu++0x";
				CLANG_CXX_LIBRARY = "libc++";
				CLANG_ENABLE_MODULES = YES;
				CLANG_ENABLE_OBJC_ARC = YES;
				CLANG_WARN_BOOL_CONVERSION = YES;
				CLANG_WARN_CONSTANT_CONVERSION = YES;
				CLANG_WARN_DIRECT_OBJC_ISA_USAGE = YES_ERROR;
				CLANG_WARN_EMPTY_BODY = YES;
				CLANG_WARN_ENUM_CONVERSION = YES;
				CLANG_WARN_INT_CONVERSION = YES;
				CLANG_WARN_OBJC_ROOT_CLASS = YES_ERROR;
				CLANG_WARN_UNREACHABLE_CODE = YES;
				CLANG_WARN__DUPLICATE_METHOD_MATCH = YES;
				"CODE_SIGN_IDENTITY[sdk=iphoneos*]" = "iPhone Developer";
				COPY_PHASE_STRIP = NO;
				ENABLE_STRICT_OBJC_MSGSEND = YES;
				GCC_C_LANGUAGE_STANDARD = gnu99;
				GCC_DYNAMIC_NO_PIC = NO;
				GCC_OPTIMIZATION_LEVEL = 0;
				GCC_PREPROCESSOR_DEFINITIONS = (
					"DEBUG=1",
					"$(inherited)",
				);
				GCC_SYMBOLS_PRIVATE_EXTERN = NO;
				GCC_WARN_64_TO_32_BIT_CONVERSION = YES;
				GCC_WARN_ABOUT_RETURN_TYPE = YES_ERROR;
				GCC_WARN_UNDECLARED_SELECTOR = YES;
				GCC_WARN_UNINITIALIZED_AUTOS = YES_AGGRESSIVE;
				GCC_WARN_UNUSED_FUNCTION = YES;
				GCC_WARN_UNUSED_VARIABLE = YES;
				IPHONEOS_DEPLOYMENT_TARGET = 8.1;
				MTL_ENABLE_DEBUG_INFO = YES;
				ONLY_ACTIVE_ARCH = YES;
				SDKROOT = iphoneos;
				TARGETED_DEVICE_FAMILY = "1,2";
			};
			name = Debug;
		};
		3441E9621B3D014D00E0A016 /* Release */ = {
			isa = XCBuildConfiguration;
			buildSettings = {
				ALWAYS_SEARCH_USER_PATHS = NO;
				CLANG_CXX_LANGUAGE_STANDARD = "gnu++0x";
				CLANG_CXX_LIBRARY = "libc++";
				CLANG_ENABLE_MODULES = YES;
				CLANG_ENABLE_OBJC_ARC = YES;
				CLANG_WARN_BOOL_CONVERSION = YES;
				CLANG_WARN_CONSTANT_CONVERSION = YES;
				CLANG_WARN_DIRECT_OBJC_ISA_USAGE = YES_ERROR;
				CLANG_WARN_EMPTY_BODY = YES;
				CLANG_WARN_ENUM_CONVERSION = YES;
				CLANG_WARN_INT_CONVERSION = YES;
				CLANG_WARN_OBJC_ROOT_CLASS = YES_ERROR;
				CLANG_WARN_UNREACHABLE_CODE = YES;
				CLANG_WARN__DUPLICATE_METHOD_MATCH = YES;
				"CODE_SIGN_IDENTITY[sdk=iphoneos*]" = "iPhone Developer";
				COPY_PHASE_STRIP = YES;
				ENABLE_NS_ASSERTIONS = NO;
				ENABLE_STRICT_OBJC_MSGSEND = YES;
				GCC_C_LANGUAGE_STANDARD = gnu99;
				GCC_WARN_64_TO_32_BIT_CONVERSION = YES;
				GCC_WARN_ABOUT_RETURN_TYPE = YES_ERROR;
				GCC_WARN_UNDECLARED_SELECTOR = YES;
				GCC_WARN_UNINITIALIZED_AUTOS = YES_AGGRESSIVE;
				GCC_WARN_UNUSED_FUNCTION = YES;
				GCC_WARN_UNUSED_VARIABLE = YES;
				IPHONEOS_DEPLOYMENT_TARGET = 8.1;
				MTL_ENABLE_DEBUG_INFO = NO;
				SDKROOT = iphoneos;
				TARGETED_DEVICE_FAMILY = "1,2";
				VALIDATE_PRODUCT = YES;
			};
			name = Release;
		};
		3441E9641B3D014D00E0A016 /* Debug */ = {
			isa = XCBuildConfiguration;
			buildSettings = {
				ASSETCATALOG_COMPILER_APPICON_NAME = AppIcon;
				CLANG_ENABLE_OBJC_ARC = NO;
				GCC_PREFIX_HEADER = "$(SRCROOT)/LianMeng/PrefixHeader.pch";
				INFOPLIST_FILE = LianMeng/Info.plist;
				LD_RUNPATH_SEARCH_PATHS = "$(inherited) @executable_path/Frameworks";
				PRODUCT_NAME = "$(TARGET_NAME)";
			};
			name = Debug;
		};
		3441E9651B3D014D00E0A016 /* Release */ = {
			isa = XCBuildConfiguration;
			buildSettings = {
				ASSETCATALOG_COMPILER_APPICON_NAME = AppIcon;
				CLANG_ENABLE_OBJC_ARC = NO;
				GCC_PREFIX_HEADER = "$(SRCROOT)/LianMeng/PrefixHeader.pch";
				INFOPLIST_FILE = LianMeng/Info.plist;
				LD_RUNPATH_SEARCH_PATHS = "$(inherited) @executable_path/Frameworks";
				PRODUCT_NAME = "$(TARGET_NAME)";
			};
			name = Release;
		};
		3441E9671B3D014D00E0A016 /* Debug */ = {
			isa = XCBuildConfiguration;
			buildSettings = {
				BUNDLE_LOADER = "$(TEST_HOST)";
				FRAMEWORK_SEARCH_PATHS = (
					"$(SDKROOT)/Developer/Library/Frameworks",
					"$(inherited)",
				);
				GCC_PREPROCESSOR_DEFINITIONS = (
					"DEBUG=1",
					"$(inherited)",
				);
				INFOPLIST_FILE = LianMengTests/Info.plist;
				LD_RUNPATH_SEARCH_PATHS = "$(inherited) @executable_path/Frameworks @loader_path/Frameworks";
				PRODUCT_NAME = "$(TARGET_NAME)";
				TEST_HOST = "$(BUILT_PRODUCTS_DIR)/LianMeng.app/LianMeng";
			};
			name = Debug;
		};
		3441E9681B3D014D00E0A016 /* Release */ = {
			isa = XCBuildConfiguration;
			buildSettings = {
				BUNDLE_LOADER = "$(TEST_HOST)";
				FRAMEWORK_SEARCH_PATHS = (
					"$(SDKROOT)/Developer/Library/Frameworks",
					"$(inherited)",
				);
				INFOPLIST_FILE = LianMengTests/Info.plist;
				LD_RUNPATH_SEARCH_PATHS = "$(inherited) @executable_path/Frameworks @loader_path/Frameworks";
				PRODUCT_NAME = "$(TARGET_NAME)";
				TEST_HOST = "$(BUILT_PRODUCTS_DIR)/LianMeng.app/LianMeng";
			};
			name = Release;
		};
/* End XCBuildConfiguration section */

/* Begin XCConfigurationList section */
		3441E9411B3D014D00E0A016 /* Build configuration list for PBXProject "LianMeng" */ = {
			isa = XCConfigurationList;
			buildConfigurations = (
				3441E9611B3D014D00E0A016 /* Debug */,
				3441E9621B3D014D00E0A016 /* Release */,
			);
			defaultConfigurationIsVisible = 0;
			defaultConfigurationName = Release;
		};
		3441E9631B3D014D00E0A016 /* Build configuration list for PBXNativeTarget "LianMeng" */ = {
			isa = XCConfigurationList;
			buildConfigurations = (
				3441E9641B3D014D00E0A016 /* Debug */,
				3441E9651B3D014D00E0A016 /* Release */,
			);
			defaultConfigurationIsVisible = 0;
			defaultConfigurationName = Release;
		};
		3441E9661B3D014D00E0A016 /* Build configuration list for PBXNativeTarget "LianMengTests" */ = {
			isa = XCConfigurationList;
			buildConfigurations = (
				3441E9671B3D014D00E0A016 /* Debug */,
				3441E9681B3D014D00E0A016 /* Release */,
			);
			defaultConfigurationIsVisible = 0;
			defaultConfigurationName = Release;
		};
/* End XCConfigurationList section */
	};
	rootObject = 3441E93E1B3D014D00E0A016 /* Project object */;
}
